lockfileVersion: '6.0'

settings:
  autoInstallPeers: true
  excludeLinksFromLockfile: false

devDependencies:
  '@types/node':
    specifier: 16.18.112
    version: registry.npmjs.org/@types/node@16.18.112
  chalk:
    specifier: 5.1.1
    version: 5.1.1
  inline-fixtures:
    specifier: 1.1.0
    version: 1.1.0
  jsonpath-plus:
    specifier: 7.2.0
    version: 7.2.0
  typescript:
    specifier: 4.9.5
    version: 4.9.5

packages:

  /chalk@5.1.1:
    resolution: {integrity: sha512-OItMegkSDU3P7OJRWBbNRsQsL8SzgwlIGXSZRVfHCLBYrDgzYDuozwDMwvEDpiZdjr50tdOTbTzuubirtEozsg==}
    engines: {node: ^12.17.0 || ^14.13 || >=16.0.0}
    dev: true

  /inline-fixtures@1.1.0:
    resolution: {integrity: sha512-wIQ0SS5nncjuTXHEgNuvAj6l3kwvYv75YVcQecDRaoL1YHwynG/fxKxrDV0f45Eu6EsUPlomFKqFDR9DD6hxlQ==}
    engines: {node: '>= 8.0.0'}
    dependencies:
      make-dir: 2.1.0
      tmp: 0.0.33
    dev: true

  /jsonpath-plus@7.2.0:
    resolution: {integrity: sha512-zBfiUPM5nD0YZSBT/o/fbCUlCcepMIdP0CJZxM1+KgA4f2T206f6VAg9e7mX35+KlMaIc5qXW34f3BnwJ3w+RA==}
    engines: {node: '>=12.0.0'}
    dev: true

  /make-dir@2.1.0:
    resolution: {integrity: sha512-LS9X+dc8KLxXCb8dni79fLIIUA5VyZoyjSMCwTluaXA0o27cCK0bhXkpgw+sTXVpPy/lSO57ilRixqk0vDmtRA==}
    engines: {node: '>=6'}
    dependencies:
      pify: 4.0.1
      semver: 5.7.2
    dev: true

  /os-tmpdir@1.0.2:
    resolution: {integrity: sha512-D2FR03Vir7FIu45XBY20mTb+/ZSWB00sjU9jdQXt83gDrI4Ztz5Fs7/yy74g2N5SVQY4xY1qDr4rNddwYRVX0g==}
    engines: {node: '>=0.10.0'}
    dev: true

  /pify@4.0.1:
    resolution: {integrity: sha512-uB80kBFb/tfd68bVleG9T5GGsGPjJrLAUpR5PZIrhBnIaRTQRjqdJSsIKkOP6OAIFbj7GOrcudc5pNjZ+geV2g==}
    engines: {node: '>=6'}
    dev: true

  /semver@5.7.2:
    resolution: {integrity: sha512-cBznnQ9KjJqU67B52RMC65CMarK2600WFnbkcaiwWq3xy/5haFJlshgnpjovMVJ+Hff49d8GEn0b87C5pDQ10g==}
    hasBin: true
    dev: true

  /tmp@0.0.33:
    resolution: {integrity: sha512-jRCJlojKnZ3addtTOjdIqoRuPEKBvNXcGYqzO6zWZX8KfKEpnGY5jfggJQ3EjKuu8D4bJRr0y+cYJFmYbImXGw==}
    engines: {node: '>=0.6.0'}
    dependencies:
      os-tmpdir: 1.0.2
    dev: true

  /typescript@4.9.5:
    resolution: {integrity: sha512-1FXk9E2Hm+QzZQ7z+McJiHL4NW1F2EzMu9Nq9i3zAaGqibafqYwCVU6WyWAuyQRRzOlxou8xZSyXLEN8oKj24g==}
    engines: {node: '>=4.2.0'}
    hasBin: true
    dev: true

  registry.npmjs.org/@types/node@16.18.112:
    resolution: {integrity: sha512-EKrbKUGJROm17+dY/gMi31aJlGLJ75e1IkTojt9n6u+hnaTBDs+M1bIdOawpk2m6YUAXq/R2W0SxCng1tndHCg==, tarball: https://registry.npmjs.org/@types/node/-/node-16.18.112.tgz}
    name: '@types/node'
    version: 16.18.112
    dev: true
